<?xml version="1.0" encoding="utf-8"?>
<Project ToolsVersion="4.0" xmlns="http://schemas.microsoft.com/developer/msbuild/2003">
  <ItemGroup>
    <Filter Include="Panels">
      <UniqueIdentifier>{A80D95C9-94AF-BF9F-7D6A-D3F369AB46F0}</UniqueIdentifier>
    </Filter>
    <Filter Include="Tools">
      <UniqueIdentifier>{16CF2D0E-82E3-55BF-4B65-F91EB73852F0}</UniqueIdentifier>
    </Filter>
    <Filter Include="Wall">
      <UniqueIdentifier>{756F8E7C-61A6-8F0D-0A93-7510F6A80B0F}</UniqueIdentifier>
    </Filter>
  </ItemGroup>
  <ItemGroup>
    <ClInclude Include="src\EditorLayer.h" />
    <ClInclude Include="src\Panels\EntityComponentsPanel.h">
      <Filter>Panels</Filter>
    </ClInclude>
    <ClInclude Include="src\Panels\SceneHierarchyPanel.h">
      <Filter>Panels</Filter>
    </ClInclude>
    <ClInclude Include="src\Tools\EditorCamera.h">
      <Filter>Tools</Filter>
    </ClInclude>
    <ClInclude Include="src\Wall\Floor.h">
      <Filter>Wall</Filter>
    </ClInclude>
    <ClInclude Include="src\Wall\FloorTest.h">
      <Filter>Wall</Filter>
    </ClInclude>
    <ClInclude Include="src\Wall\Wall.h">
      <Filter>Wall</Filter>
    </ClInclude>
  </ItemGroup>
  <ItemGroup>
    <ClCompile Include="src\EditorLayer.cpp" />
    <ClCompile Include="src\Panels\EntityComponentsPanel.cpp">
      <Filter>Panels</Filter>
    </ClCompile>
    <ClCompile Include="src\Panels\SceneHierarchyPanel.cpp">
      <Filter>Panels</Filter>
    </ClCompile>
    <ClCompile Include="src\Tools\EditorCamera.cpp">
      <Filter>Tools</Filter>
    </ClCompile>
    <ClCompile Include="src\Wall\Floor.cpp">
      <Filter>Wall</Filter>
    </ClCompile>
    <ClCompile Include="src\Wall\FloorTest.cpp">
      <Filter>Wall</Filter>
    </ClCompile>
    <ClCompile Include="src\Wall\Wall.cpp">
      <Filter>Wall</Filter>
    </ClCompile>
    <ClCompile Include="src\ZEditorApp.cpp" />
  </ItemGroup>
</Project>